
Microsoft Visual Studio Solution File, Format Version 12.00
# Visual Studio Version 17
VisualStudioVersion = 17.12.35707.178
MinimumVisualStudioVersion = 10.0.40219.1
Project("{2150E333-8FDC-42A3-9474-1A3956D46DE8}") = "Services", "Services", "{9CF9511F-A9E4-447A-B836-B4BE515B0284}"
EndProject
Project("{2150E333-8FDC-42A3-9474-1A3956D46DE8}") = "Catalog", "Catalog", "{576E0C8C-1871-4246-A5DF-1723C07D0C48}"
EndProject
Project("{9A19103F-16F7-4668-BE54-9A1E7A4F7556}") = "Catalog.API", "Services\Catalog\Catalog.API\Catalog.API.csproj", "{96FD57BF-9EB8-40A3-8688-FDCFB179A33F}"
EndProject
Project("{E53339B2-1760-4266-BCC7-CA923CBCF16C}") = "docker-compose", "docker-compose.dcproj", "{88234D5B-A619-442B-A071-C7AAA001A133}"
EndProject
Project("{2150E333-8FDC-42A3-9474-1A3956D46DE8}") = "Basket", "Basket", "{344D7B66-CE79-48A8-9C94-C3B6D9078C72}"
EndProject
Project("{2150E333-8FDC-42A3-9474-1A3956D46DE8}") = "Discount", "Discount", "{7AB1856F-79FC-4695-993C-3DAA563575E4}"
EndProject
Project("{2150E333-8FDC-42A3-9474-1A3956D46DE8}") = "Ordering", "Ordering", "{A049F4BA-9A34-4FE7-AF8F-6CF7E1DBD299}"
EndProject
Project("{2150E333-8FDC-42A3-9474-1A3956D46DE8}") = "BuildingBlocks", "BuildingBlocks", "{A59F24B4-4D8C-4CAD-9544-353363AD4FD6}"
EndProject
Project("{9A19103F-16F7-4668-BE54-9A1E7A4F7556}") = "EventBus.Messages", "BuildingBlocks\EventBus.Messages\EventBus.Messages.csproj", "{CFBDE43F-DED1-467E-9E18-4729B9F5BEA5}"
EndProject
Project("{2150E333-8FDC-42A3-9474-1A3956D46DE8}") = "APIGateways", "APIGateways", "{8535C4A1-E84A-4F13-8672-8EB008F6BDF3}"
EndProject
Project("{2150E333-8FDC-42A3-9474-1A3956D46DE8}") = "User", "User", "{96434641-8917-47A7-AC56-BD0CD96C6252}"
EndProject
Project("{FAE04EC0-301F-11D3-BF4B-00C04F79EFBC}") = "User.API", "Services\User\User.API\User.API.csproj", "{77728817-F6C5-4BC5-8371-AAC7F0FB5698}"
EndProject
Project("{2150E333-8FDC-42A3-9474-1A3956D46DE8}") = "ProductSearch", "ProductSearch", "{C4B681AE-C45B-4AB8-BF1E-FAEB036E48F8}"
EndProject
Project("{FAE04EC0-301F-11D3-BF4B-00C04F79EFBC}") = "AmCart.ProductSearch.API", "Services\ProductSearch\AmCart.ProductSearch.API\AmCart.ProductSearch.API.csproj", "{E1FA6004-B69D-4B89-8618-35E6C8BCD9BE}"
EndProject
Global
	GlobalSection(SolutionConfigurationPlatforms) = preSolution
		Debug|Any CPU = Debug|Any CPU
		Release|Any CPU = Release|Any CPU
	EndGlobalSection
	GlobalSection(ProjectConfigurationPlatforms) = postSolution
		{96FD57BF-9EB8-40A3-8688-FDCFB179A33F}.Debug|Any CPU.ActiveCfg = Debug|Any CPU
		{96FD57BF-9EB8-40A3-8688-FDCFB179A33F}.Debug|Any CPU.Build.0 = Debug|Any CPU
		{96FD57BF-9EB8-40A3-8688-FDCFB179A33F}.Release|Any CPU.ActiveCfg = Release|Any CPU
		{96FD57BF-9EB8-40A3-8688-FDCFB179A33F}.Release|Any CPU.Build.0 = Release|Any CPU
		{88234D5B-A619-442B-A071-C7AAA001A133}.Debug|Any CPU.ActiveCfg = Debug|Any CPU
		{88234D5B-A619-442B-A071-C7AAA001A133}.Debug|Any CPU.Build.0 = Debug|Any CPU
		{88234D5B-A619-442B-A071-C7AAA001A133}.Release|Any CPU.ActiveCfg = Release|Any CPU
		{88234D5B-A619-442B-A071-C7AAA001A133}.Release|Any CPU.Build.0 = Release|Any CPU
		{CFBDE43F-DED1-467E-9E18-4729B9F5BEA5}.Debug|Any CPU.ActiveCfg = Debug|Any CPU
		{CFBDE43F-DED1-467E-9E18-4729B9F5BEA5}.Debug|Any CPU.Build.0 = Debug|Any CPU
		{CFBDE43F-DED1-467E-9E18-4729B9F5BEA5}.Release|Any CPU.ActiveCfg = Release|Any CPU
		{CFBDE43F-DED1-467E-9E18-4729B9F5BEA5}.Release|Any CPU.Build.0 = Release|Any CPU
		{77728817-F6C5-4BC5-8371-AAC7F0FB5698}.Debug|Any CPU.ActiveCfg = Debug|Any CPU
		{77728817-F6C5-4BC5-8371-AAC7F0FB5698}.Debug|Any CPU.Build.0 = Debug|Any CPU
		{77728817-F6C5-4BC5-8371-AAC7F0FB5698}.Release|Any CPU.ActiveCfg = Release|Any CPU
		{77728817-F6C5-4BC5-8371-AAC7F0FB5698}.Release|Any CPU.Build.0 = Release|Any CPU
		{E1FA6004-B69D-4B89-8618-35E6C8BCD9BE}.Debug|Any CPU.ActiveCfg = Debug|Any CPU
		{E1FA6004-B69D-4B89-8618-35E6C8BCD9BE}.Debug|Any CPU.Build.0 = Debug|Any CPU
		{E1FA6004-B69D-4B89-8618-35E6C8BCD9BE}.Release|Any CPU.ActiveCfg = Release|Any CPU
		{E1FA6004-B69D-4B89-8618-35E6C8BCD9BE}.Release|Any CPU.Build.0 = Release|Any CPU
	EndGlobalSection
	GlobalSection(SolutionProperties) = preSolution
		HideSolutionNode = FALSE
	EndGlobalSection
	GlobalSection(NestedProjects) = preSolution
		{576E0C8C-1871-4246-A5DF-1723C07D0C48} = {9CF9511F-A9E4-447A-B836-B4BE515B0284}
		{96FD57BF-9EB8-40A3-8688-FDCFB179A33F} = {576E0C8C-1871-4246-A5DF-1723C07D0C48}
		{344D7B66-CE79-48A8-9C94-C3B6D9078C72} = {9CF9511F-A9E4-447A-B836-B4BE515B0284}
		{7AB1856F-79FC-4695-993C-3DAA563575E4} = {9CF9511F-A9E4-447A-B836-B4BE515B0284}
		{A049F4BA-9A34-4FE7-AF8F-6CF7E1DBD299} = {9CF9511F-A9E4-447A-B836-B4BE515B0284}
		{CFBDE43F-DED1-467E-9E18-4729B9F5BEA5} = {A59F24B4-4D8C-4CAD-9544-353363AD4FD6}
		{96434641-8917-47A7-AC56-BD0CD96C6252} = {9CF9511F-A9E4-447A-B836-B4BE515B0284}
		{77728817-F6C5-4BC5-8371-AAC7F0FB5698} = {96434641-8917-47A7-AC56-BD0CD96C6252}
		{C4B681AE-C45B-4AB8-BF1E-FAEB036E48F8} = {9CF9511F-A9E4-447A-B836-B4BE515B0284}
		{E1FA6004-B69D-4B89-8618-35E6C8BCD9BE} = {C4B681AE-C45B-4AB8-BF1E-FAEB036E48F8}
	EndGlobalSection
	GlobalSection(ExtensibilityGlobals) = postSolution
		SolutionGuid = {24B3784B-FE4C-454F-BF9E-49699EA8E8E7}
	EndGlobalSection
EndGlobal
